// !$*UTF8*$!
{
	archiveVersion = 1;
	classes = {
	};
	objectVersion = 50;
	objects = {

/* Begin PBXBuildFile section */
		460B6EE323B75C620064E4E2 /* RockPaperSci.swift in Sources */ = {isa = PBXBuildFile; fileRef = 460B6EE223B75C620064E4E2 /* RockPaperSci.swift */; };
		460B6EE523B75CDD0064E4E2 /* RockPaperAssets.xcassets in Resources */ = {isa = PBXBuildFile; fileRef = 460B6EE423B75CDD0064E4E2 /* RockPaperAssets.xcassets */; };
		461270DA23A5111F0033B6F6 /* AppDelegate.swift in Sources */ = {isa = PBXBuildFile; fileRef = 461270D923A5111F0033B6F6 /* AppDelegate.swift */; };
		461270DC23A5111F0033B6F6 /* SceneDelegate.swift in Sources */ = {isa = PBXBuildFile; fileRef = 461270DB23A5111F0033B6F6 /* SceneDelegate.swift */; };
		461270DE23A5111F0033B6F6 /* ContentView.swift in Sources */ = {isa = PBXBuildFile; fileRef = 461270DD23A5111F0033B6F6 /* ContentView.swift */; };
		461270E023A511220033B6F6 /* Assets.xcassets in Resources */ = {isa = PBXBuildFile; fileRef = 461270DF23A511220033B6F6 /* Assets.xcassets */; };
		461270E323A511220033B6F6 /* Preview Assets.xcassets in Resources */ = {isa = PBXBuildFile; fileRef = 461270E223A511220033B6F6 /* Preview Assets.xcassets */; };
		461270E623A511220033B6F6 /* LaunchScreen.storyboard in Resources */ = {isa = PBXBuildFile; fileRef = 461270E423A511220033B6F6 /* LaunchScreen.storyboard */; };
		461270F023A552530033B6F6 /* UnitConversionView.swift in Sources */ = {isa = PBXBuildFile; fileRef = 461270EF23A552530033B6F6 /* UnitConversionView.swift */; };
		461270F523A642B70033B6F6 /* FlagsAssets.xcassets in Resources */ = {isa = PBXBuildFile; fileRef = 461270F423A642B70033B6F6 /* FlagsAssets.xcassets */; };
		461270F723A642FC0033B6F6 /* GuessTheFlagView.swift in Sources */ = {isa = PBXBuildFile; fileRef = 461270F623A642FC0033B6F6 /* GuessTheFlagView.swift */; };
		46FC709223B8BB2500707B97 /* BetterRest.mlmodel in Sources */ = {isa = PBXBuildFile; fileRef = 46FC709123B8BB2500707B97 /* BetterRest.mlmodel */; };
		46FC709423B8BB7500707B97 /* BetterRestView.swift in Sources */ = {isa = PBXBuildFile; fileRef = 46FC709323B8BB7500707B97 /* BetterRestView.swift */; };
/* End PBXBuildFile section */

/* Begin PBXFileReference section */
		460B6EE223B75C620064E4E2 /* RockPaperSci.swift */ = {isa = PBXFileReference; lastKnownFileType = sourcecode.swift; path = RockPaperSci.swift; sourceTree = "<group>"; };
		460B6EE423B75CDD0064E4E2 /* RockPaperAssets.xcassets */ = {isa = PBXFileReference; lastKnownFileType = folder.assetcatalog; path = RockPaperAssets.xcassets; sourceTree = "<group>"; };
		461270D623A5111F0033B6F6 /* SwiftUITest.app */ = {isa = PBXFileReference; explicitFileType = wrapper.application; includeInIndex = 0; path = SwiftUITest.app; sourceTree = BUILT_PRODUCTS_DIR; };
		461270D923A5111F0033B6F6 /* AppDelegate.swift */ = {isa = PBXFileReference; lastKnownFileType = sourcecode.swift; path = AppDelegate.swift; sourceTree = "<group>"; };
		461270DB23A5111F0033B6F6 /* SceneDelegate.swift */ = {isa = PBXFileReference; lastKnownFileType = sourcecode.swift; path = SceneDelegate.swift; sourceTree = "<group>"; };
		461270DD23A5111F0033B6F6 /* ContentView.swift */ = {isa = PBXFileReference; lastKnownFileType = sourcecode.swift; path = ContentView.swift; sourceTree = "<group>"; };
		461270DF23A511220033B6F6 /* Assets.xcassets */ = {isa = PBXFileReference; lastKnownFileType = folder.assetcatalog; path = Assets.xcassets; sourceTree = "<group>"; };
		461270E223A511220033B6F6 /* Preview Assets.xcassets */ = {isa = PBXFileReference; lastKnownFileType = folder.assetcatalog; path = "Preview Assets.xcassets"; sourceTree = "<group>"; };
		461270E523A511220033B6F6 /* Base */ = {isa = PBXFileReference; lastKnownFileType = file.storyboard; name = Base; path = Base.lproj/LaunchScreen.storyboard; sourceTree = "<group>"; };
		461270E723A511220033B6F6 /* Info.plist */ = {isa = PBXFileReference; lastKnownFileType = text.plist.xml; path = Info.plist; sourceTree = "<group>"; };
		461270EF23A552530033B6F6 /* UnitConversionView.swift */ = {isa = PBXFileReference; lastKnownFileType = sourcecode.swift; path = UnitConversionView.swift; sourceTree = "<group>"; };
		461270F423A642B70033B6F6 /* FlagsAssets.xcassets */ = {isa = PBXFileReference; lastKnownFileType = folder.assetcatalog; path = FlagsAssets.xcassets; sourceTree = "<group>"; };
		461270F623A642FC0033B6F6 /* GuessTheFlagView.swift */ = {isa = PBXFileReference; lastKnownFileType = sourcecode.swift; path = GuessTheFlagView.swift; sourceTree = "<group>"; };
		46FC709123B8BB2500707B97 /* BetterRest.mlmodel */ = {isa = PBXFileReference; lastKnownFileType = file.mlmodel; path = BetterRest.mlmodel; sourceTree = "<group>"; };
		46FC709323B8BB7500707B97 /* BetterRestView.swift */ = {isa = PBXFileReference; lastKnownFileType = sourcecode.swift; path = BetterRestView.swift; sourceTree = "<group>"; };
/* End PBXFileReference section */

/* Begin PBXFrameworksBuildPhase section */
		461270D323A5111F0033B6F6 /* Frameworks */ = {
			isa = PBXFrameworksBuildPhase;
			buildActionMask = 2147483647;
			files = (
			);
			runOnlyForDeploymentPostprocessing = 0;
		};
/* End PBXFrameworksBuildPhase section */

/* Begin PBXGroup section */
		460B6EE123B75BE60064E4E2 /* Project 3 - RockPaperSc */ = {
			isa = PBXGroup;
			children = (
				460B6EE223B75C620064E4E2 /* RockPaperSci.swift */,
				460B6EE423B75CDD0064E4E2 /* RockPaperAssets.xcassets */,
			);
			path = "Project 3 - RockPaperSc";
			sourceTree = "<group>";
		};
		461270CD23A5111F0033B6F6 = {
			isa = PBXGroup;
			children = (
				461270D823A5111F0033B6F6 /* SwiftUITest */,
				461270D723A5111F0033B6F6 /* Products */,
			);
			sourceTree = "<group>";
		};
		461270D723A5111F0033B6F6 /* Products */ = {
			isa = PBXGroup;
			children = (
				461270D623A5111F0033B6F6 /* SwiftUITest.app */,
			);
			name = Products;
			sourceTree = "<group>";
		};
		461270D823A5111F0033B6F6 /* SwiftUITest */ = {
			isa = PBXGroup;
			children = (
				46FC709023B8BAC300707B97 /* Project 4 - BetterRest */,
				460B6EE123B75BE60064E4E2 /* Project 3 - RockPaperSc */,
				461270F323A56F640033B6F6 /* Other Files */,
				461270F223A56F4E0033B6F6 /* Project 2 GuessTheFlag */,
				461270F123A56F3B0033B6F6 /* Project 1 Unit Conversion */,
				461270DB23A5111F0033B6F6 /* SceneDelegate.swift */,
				461270E723A511220033B6F6 /* Info.plist */,
				461270E123A511220033B6F6 /* Preview Content */,
			);
			path = SwiftUITest;
			sourceTree = "<group>";
		};
		461270E123A511220033B6F6 /* Preview Content */ = {
			isa = PBXGroup;
			children = (
				461270E223A511220033B6F6 /* Preview Assets.xcassets */,
			);
			path = "Preview Content";
			sourceTree = "<group>";
		};
		461270F123A56F3B0033B6F6 /* Project 1 Unit Conversion */ = {
			isa = PBXGroup;
			children = (
				461270EF23A552530033B6F6 /* UnitConversionView.swift */,
			);
			path = "Project 1 Unit Conversion";
			sourceTree = "<group>";
		};
		461270F223A56F4E0033B6F6 /* Project 2 GuessTheFlag */ = {
			isa = PBXGroup;
			children = (
				461270F423A642B70033B6F6 /* FlagsAssets.xcassets */,
				461270F623A642FC0033B6F6 /* GuessTheFlagView.swift */,
			);
			path = "Project 2 GuessTheFlag";
			sourceTree = "<group>";
		};
		461270F323A56F640033B6F6 /* Other Files */ = {
			isa = PBXGroup;
			children = (
				461270E423A511220033B6F6 /* LaunchScreen.storyboard */,
				461270DF23A511220033B6F6 /* Assets.xcassets */,
				461270DD23A5111F0033B6F6 /* ContentView.swift */,
				461270D923A5111F0033B6F6 /* AppDelegate.swift */,
			);
			path = "Other Files";
			sourceTree = "<group>";
		};
		46FC709023B8BAC300707B97 /* Project 4 - BetterRest */ = {
			isa = PBXGroup;
			children = (
				46FC709123B8BB2500707B97 /* BetterRest.mlmodel */,
				46FC709323B8BB7500707B97 /* BetterRestView.swift */,
			);
			path = "Project 4 - BetterRest";
			sourceTree = "<group>";
		};
/* End PBXGroup section */

/* Begin PBXNativeTarget section */
		461270D523A5111F0033B6F6 /* SwiftUITest */ = {
			isa = PBXNativeTarget;
			buildConfigurationList = 461270EA23A511220033B6F6 /* Build configuration list for PBXNativeTarget "SwiftUITest" */;
			buildPhases = (
				461270D223A5111F0033B6F6 /* Sources */,
				461270D323A5111F0033B6F6 /* Frameworks */,
				461270D423A5111F0033B6F6 /* Resources */,
			);
			buildRules = (
			);
			dependencies = (
			);
			name = SwiftUITest;
			productName = SwiftUITest;
			productReference = 461270D623A5111F0033B6F6 /* SwiftUITest.app */;
			productType = "com.apple.product-type.application";
		};
/* End PBXNativeTarget section */

/* Begin PBXProject section */
		461270CE23A5111F0033B6F6 /* Project object */ = {
			isa = PBXProject;
			attributes = {
				LastSwiftUpdateCheck = 1130;
				LastUpgradeCheck = 1130;
				ORGANIZATIONNAME = Taazuh;
				TargetAttributes = {
					461270D523A5111F0033B6F6 = {
						CreatedOnToolsVersion = 11.3;
					};
				};
			};
			buildConfigurationList = 461270D123A5111F0033B6F6 /* Build configuration list for PBXProject "SwiftUITest" */;
			compatibilityVersion = "Xcode 9.3";
			developmentRegion = en;
			hasScannedForEncodings = 0;
			knownRegions = (
				en,
				Base,
			);
			mainGroup = 461270CD23A5111F0033B6F6;
			productRefGroup = 461270D723A5111F0033B6F6 /* Products */;
			projectDirPath = "";
			projectRoot = "";
			targets = (
				461270D523A5111F0033B6F6 /* SwiftUITest */,
			);
		};
/* End PBXProject section */

/* Begin PBXResourcesBuildPhase section */
		461270D423A5111F0033B6F6 /* Resources */ = {
			isa = PBXResourcesBuildPhase;
			buildActionMask = 2147483647;
			files = (
				461270F523A642B70033B6F6 /* FlagsAssets.xcassets in Resources */,
				461270E623A511220033B6F6 /* LaunchScreen.storyboard in Resources */,
				460B6EE523B75CDD0064E4E2 /* RockPaperAssets.xcassets in Resources */,
				461270E323A511220033B6F6 /* Preview Assets.xcassets in Resources */,
				461270E023A511220033B6F6 /* Assets.xcassets in Resources */,
			);
			runOnlyForDeploymentPostprocessing = 0;
		};
/* End PBXResourcesBuildPhase section */

/* Begin PBXSourcesBuildPhase section */
		461270D223A5111F0033B6F6 /* Sources */ = {
			isa = PBXSourcesBuildPhase;
			buildActionMask = 2147483647;
			files = (
				46FC709223B8BB2500707B97 /* BetterRest.mlmodel in Sources */,
				461270F023A552530033B6F6 /* UnitConversionView.swift in Sources */,
				460B6EE323B75C620064E4E2 /* RockPaperSci.swift in Sources */,
				461270DA23A5111F0033B6F6 /* AppDelegate.swift in Sources */,
				461270DC23A5111F0033B6F6 /* SceneDelegate.swift in Sources */,
				461270DE23A5111F0033B6F6 /* ContentView.swift in Sources */,
				46FC709423B8BB7500707B97 /* BetterRestView.swift in Sources */,
				461270F723A642FC0033B6F6 /* GuessTheFlagView.swift in Sources */,
			);
			runOnlyForDeploymentPostprocessing = 0;
		};
/* End PBXSourcesBuildPhase section */

/* Begin PBXVariantGroup section */
		461270E423A511220033B6F6 /* LaunchScreen.storyboard */ = {
			isa = PBXVariantGroup;
			children = (
				461270E523A511220033B6F6 /* Base */,
			);
			name = LaunchScreen.storyboard;
			sourceTree = "<group>";
		};
/* End PBXVariantGroup section */

/* Begin XCBuildConfiguration section */
		461270E823A511220033B6F6 /* Debug */ = {
			isa = XCBuildConfiguration;
			buildSettings = {
				ALWAYS_SEARCH_USER_PATHS = NO;
				CLANG_ANALYZER_NONNULL = YES;
				CLANG_ANALYZER_NUMBER_OBJECT_CONVERSION = YES_AGGRESSIVE;
				CLANG_CXX_LANGUAGE_STANDARD = "gnu++14";
				CLANG_CXX_LIBRARY = "libc++";
				CLANG_ENABLE_MODULES = YES;
				CLANG_ENABLE_OBJC_ARC = YES;
				CLANG_ENABLE_OBJC_WEAK = YES;
				CLANG_WARN_BLOCK_CAPTURE_AUTORELEASING = YES;
				CLANG_WARN_BOOL_CONVERSION = YES;
				CLANG_WARN_COMMA = YES;
				CLANG_WARN_CONSTANT_CONVERSION = YES;
				CLANG_WARN_DEPRECATED_OBJC_IMPLEMENTATIONS = YES;
				CLANG_WARN_DIRECT_OBJC_ISA_USAGE = YES_ERROR;
				CLANG_WARN_DOCUMENTATION_COMMENTS = YES;
				CLANG_WARN_EMPTY_BODY = YES;
				CLANG_WARN_ENUM_CONVERSION = YES;
				CLANG_WARN_INFINITE_RECURSION = YES;
				CLANG_WARN_INT_CONVERSION = YES;
				CLANG_WARN_NON_LITERAL_NULL_CONVERSION = YES;
				CLANG_WARN_OBJC_IMPLICIT_RETAIN_SELF = YES;
				CLANG_WARN_OBJC_LITERAL_CONVERSION = YES;
				CLANG_WARN_OBJC_ROOT_CLASS = YES_ERROR;
				CLANG_WARN_RANGE_LOOP_ANALYSIS = YES;
				CLANG_WARN_STRICT_PROTOTYPES = YES;
				CLANG_WARN_SUSPICIOUS_MOVE = YES;
				CLANG_WARN_UNGUARDED_AVAILABILITY = YES_AGGRESSIVE;
				CLANG_WARN_UNREACHABLE_CODE = YES;
				CLANG_WARN__DUPLICATE_METHOD_MATCH = YES;
				COPY_PHASE_STRIP = NO;
				DEBUG_INFORMATION_FORMAT = dwarf;
				ENABLE_STRICT_OBJC_MSGSEND = YES;
				ENABLE_TESTABILITY = YES;
				GCC_C_LANGUAGE_STANDARD = gnu11;
				GCC_DYNAMIC_NO_PIC = NO;
				GCC_NO_COMMON_BLOCKS = YES;
				GCC_OPTIMIZATION_LEVEL = 0;
				GCC_PREPROCESSOR_DEFINITIONS = (
					"DEBUG=1",
					"$(inherited)",
				);
				GCC_WARN_64_TO_32_BIT_CONVERSION = YES;
				GCC_WARN_ABOUT_RETURN_TYPE = YES_ERROR;
				GCC_WARN_UNDECLARED_SELECTOR = YES;
				GCC_WARN_UNINITIALIZED_AUTOS = YES_AGGRESSIVE;
				GCC_WARN_UNUSED_FUNCTION = YES;
				GCC_WARN_UNUSED_VARIABLE = YES;
				IPHONEOS_DEPLOYMENT_TARGET = 13.2;
				MTL_ENABLE_DEBUG_INFO = INCLUDE_SOURCE;
				MTL_FAST_MATH = YES;
				ONLY_ACTIVE_ARCH = YES;
				SDKROOT = iphoneos;
				SWIFT_ACTIVE_COMPILATION_CONDITIONS = DEBUG;
				SWIFT_OPTIMIZATION_LEVEL = "-Onone";
			};
			name = Debug;
		};
		461270E923A511220033B6F6 /* Release */ = {
			isa = XCBuildConfiguration;
			buildSettings = {
				ALWAYS_SEARCH_USER_PATHS = NO;
				CLANG_ANALYZER_NONNULL = YES;
				CLANG_ANALYZER_NUMBER_OBJECT_CONVERSION = YES_AGGRESSIVE;
				CLANG_CXX_LANGUAGE_STANDARD = "gnu++14";
				CLANG_CXX_LIBRARY = "libc++";
				CLANG_ENABLE_MODULES = YES;
				CLANG_ENABLE_OBJC_ARC = YES;
				CLANG_ENABLE_OBJC_WEAK = YES;
				CLANG_WARN_BLOCK_CAPTURE_AUTORELEASING = YES;
				CLANG_WARN_BOOL_CONVERSION = YES;
				CLANG_WARN_COMMA = YES;
				CLANG_WARN_CONSTANT_CONVERSION = YES;
				CLANG_WARN_DEPRECATED_OBJC_IMPLEMENTATIONS = YES;
				CLANG_WARN_DIRECT_OBJC_ISA_USAGE = YES_ERROR;
				CLANG_WARN_DOCUMENTATION_COMMENTS = YES;
				CLANG_WARN_EMPTY_BODY = YES;
				CLANG_WARN_ENUM_CONVERSION = YES;
				CLANG_WARN_INFINITE_RECURSION = YES;
				CLANG_WARN_INT_CONVERSION = YES;
				CLANG_WARN_NON_LITERAL_NULL_CONVERSION = YES;
				CLANG_WARN_OBJC_IMPLICIT_RETAIN_SELF = YES;
				CLANG_WARN_OBJC_LITERAL_CONVERSION = YES;
				CLANG_WARN_OBJC_ROOT_CLASS = YES_ERROR;
				CLANG_WARN_RANGE_LOOP_ANALYSIS = YES;
				CLANG_WARN_STRICT_PROTOTYPES = YES;
				CLANG_WARN_SUSPICIOUS_MOVE = YES;
				CLANG_WARN_UNGUARDED_AVAILABILITY = YES_AGGRESSIVE;
				CLANG_WARN_UNREACHABLE_CODE = YES;
				CLANG_WARN__DUPLICATE_METHOD_MATCH = YES;
				COPY_PHASE_STRIP = NO;
				DEBUG_INFORMATION_FORMAT = "dwarf-with-dsym";
				ENABLE_NS_ASSERTIONS = NO;
				ENABLE_STRICT_OBJC_MSGSEND = YES;
				GCC_C_LANGUAGE_STANDARD = gnu11;
				GCC_NO_COMMON_BLOCKS = YES;
				GCC_WARN_64_TO_32_BIT_CONVERSION = YES;
				GCC_WARN_ABOUT_RETURN_TYPE = YES_ERROR;
				GCC_WARN_UNDECLARED_SELECTOR = YES;
				GCC_WARN_UNINITIALIZED_AUTOS = YES_AGGRESSIVE;
				GCC_WARN_UNUSED_FUNCTION = YES;
				GCC_WARN_UNUSED_VARIABLE = YES;
				IPHONEOS_DEPLOYMENT_TARGET = 13.2;
				MTL_ENABLE_DEBUG_INFO = NO;
				MTL_FAST_MATH = YES;
				SDKROOT = iphoneos;
				SWIFT_COMPILATION_MODE = wholemodule;
				SWIFT_OPTIMIZATION_LEVEL = "-O";
				VALIDATE_PRODUCT = YES;
			};
			name = Release;
		};
		461270EB23A511220033B6F6 /* Debug */ = {
			isa = XCBuildConfiguration;
			buildSettings = {
				ASSETCATALOG_COMPILER_APPICON_NAME = AppIcon;
				CODE_SIGN_STYLE = Automatic;
				DEVELOPMENT_ASSET_PATHS = "\"SwiftUITest/Preview Content\"";
				DEVELOPMENT_TEAM = 486WF39AWN;
				ENABLE_PREVIEWS = YES;
				INFOPLIST_FILE = SwiftUITest/Info.plist;
				LD_RUNPATH_SEARCH_PATHS = (
					"$(inherited)",
					"@executable_path/Frameworks",
				);
				PRODUCT_BUNDLE_IDENTIFIER = apps.tasin.SwiftUITest;
				PRODUCT_NAME = "$(TARGET_NAME)";
				SWIFT_VERSION = 5.0;
				TARGETED_DEVICE_FAMILY = "1,2";
			};
			name = Debug;
		};
		461270EC23A511220033B6F6 /* Release */ = {
			isa = XCBuildConfiguration;
			buildSettings = {
				ASSETCATALOG_COMPILER_APPICON_NAME = AppIcon;
				CODE_SIGN_STYLE = Automatic;
				DEVELOPMENT_ASSET_PATHS = "\"SwiftUITest/Preview Content\"";
				DEVELOPMENT_TEAM = 486WF39AWN;
				ENABLE_PREVIEWS = YES;
				INFOPLIST_FILE = SwiftUITest/Info.plist;
				LD_RUNPATH_SEARCH_PATHS = (
					"$(inherited)",
					"@executable_path/Frameworks",
				);
				PRODUCT_BUNDLE_IDENTIFIER = apps.tasin.SwiftUITest;
				PRODUCT_NAME = "$(TARGET_NAME)";
				SWIFT_VERSION = 5.0;
				TARGETED_DEVICE_FAMILY = "1,2";
			};
			name = Release;
		};
/* End XCBuildConfiguration section */

/* Begin XCConfigurationList section */
		461270D123A5111F0033B6F6 /* Build configuration list for PBXProject "SwiftUITest" */ = {
			isa = XCConfigurationList;
			buildConfigurations = (
				461270E823A511220033B6F6 /* Debug */,
				461270E923A511220033B6F6 /* Release */,
			);
			defaultConfigurationIsVisible = 0;
			defaultConfigurationName = Release;
		};
		461270EA23A511220033B6F6 /* Build configuration list for PBXNativeTarget "SwiftUITest" */ = {
			isa = XCConfigurationList;
			buildConfigurations = (
				461270EB23A511220033B6F6 /* Debug */,
				461270EC23A511220033B6F6 /* Release */,
			);
			defaultConfigurationIsVisible = 0;
			defaultConfigurationName = Release;
		};
/* End XCConfigurationList section */
	};
	rootObject = 461270CE23A5111F0033B6F6 /* Project object */;
}
